// !$*UTF8*$!
{
	archiveVersion = 1;
	classes = {
	};
	objectVersion = 50;
	objects = {

/* Begin PBXBuildFile section */
		28829EA120F7A40A00D148DF /* AppDelegate.m in Sources */ = {isa = PBXBuildFile; fileRef = 28829EA020F7A40A00D148DF /* AppDelegate.m */; };
		28829EA420F7A40A00D148DF /* ViewController.m in Sources */ = {isa = PBXBuildFile; fileRef = 28829EA320F7A40A00D148DF /* ViewController.m */; };
		28829EA720F7A40A00D148DF /* Main.storyboard in Resources */ = {isa = PBXBuildFile; fileRef = 28829EA520F7A40A00D148DF /* Main.storyboard */; };
		28829EA920F7A41400D148DF /* Assets.xcassets in Resources */ = {isa = PBXBuildFile; fileRef = 28829EA820F7A41400D148DF /* Assets.xcassets */; };
		28829EAC20F7A41400D148DF /* LaunchScreen.storyboard in Resources */ = {isa = PBXBuildFile; fileRef = 28829EAA20F7A41400D148DF /* LaunchScreen.storyboard */; };
		28829EAF20F7A41400D148DF /* main.m in Sources */ = {isa = PBXBuildFile; fileRef = 28829EAE20F7A41400D148DF /* main.m */; };
		28829EB720F7A44300D148DF /* rrr.swift in Sources */ = {isa = PBXBuildFile; fileRef = 28829EB620F7A44300D148DF /* rrr.swift */; };
/* End PBXBuildFile section */

/* Begin PBXFileReference section */
		28829E9C20F7A40A00D148DF /* fkvgkigbik.app */ = {isa = PBXFileReference; explicitFileType = wrapper.application; includeInIndex = 0; path = fkvgkigbik.app; sourceTree = BUILT_PRODUCTS_DIR; };
		28829E9F20F7A40A00D148DF /* AppDelegate.h */ = {isa = PBXFileReference; lastKnownFileType = sourcecode.c.h; path = AppDelegate.h; sourceTree = "<group>"; };
		28829EA020F7A40A00D148DF /* AppDelegate.m */ = {isa = PBXFileReference; lastKnownFileType = sourcecode.c.objc; path = AppDelegate.m; sourceTree = "<group>"; };
		28829EA220F7A40A00D148DF /* ViewController.h */ = {isa = PBXFileReference; lastKnownFileType = sourcecode.c.h; path = ViewController.h; sourceTree = "<group>"; };
		28829EA320F7A40A00D148DF /* ViewController.m */ = {isa = PBXFileReference; lastKnownFileType = sourcecode.c.objc; path = ViewController.m; sourceTree = "<group>"; };
		28829EA620F7A40A00D148DF /* Base */ = {isa = PBXFileReference; lastKnownFileType = file.storyboard; name = Base; path = Base.lproj/Main.storyboard; sourceTree = "<group>"; };
		28829EA820F7A41400D148DF /* Assets.xcassets */ = {isa = PBXFileReference; lastKnownFileType = folder.assetcatalog; path = Assets.xcassets; sourceTree = "<group>"; };
		28829EAB20F7A41400D148DF /* Base */ = {isa = PBXFileReference; lastKnownFileType = file.storyboard; name = Base; path = Base.lproj/LaunchScreen.storyboard; sourceTree = "<group>"; };
		28829EAD20F7A41400D148DF /* Info.plist */ = {isa = PBXFileReference; lastKnownFileType = text.plist.xml; path = Info.plist; sourceTree = "<group>"; };
		28829EAE20F7A41400D148DF /* main.m */ = {isa = PBXFileReference; lastKnownFileType = sourcecode.c.objc; path = main.m; sourceTree = "<group>"; };
		28829EB520F7A44200D148DF /* fkvgkigbik-Bridging-Header.h */ = {isa = PBXFileReference; lastKnownFileType = sourcecode.c.h; path = "fkvgkigbik-Bridging-Header.h"; sourceTree = "<group>"; };
		28829EB620F7A44300D148DF /* rrr.swift */ = {isa = PBXFileReference; fileEncoding = 4; lastKnownFileType = sourcecode.swift; path = rrr.swift; sourceTree = "<group>"; };
/* End PBXFileReference section */

/* Begin PBXFrameworksBuildPhase section */
		28829E9920F7A40A00D148DF /* Frameworks */ = {
			isa = PBXFrameworksBuildPhase;
			buildActionMask = 2147483647;
			files = (
			);
			runOnlyForDeploymentPostprocessing = 0;
		};
/* End PBXFrameworksBuildPhase section */

/* Begin PBXGroup section */
		28829E9320F7A40A00D148DF = {
			isa = PBXGroup;
			children = (
				28829E9E20F7A40A00D148DF /* fkvgkigbik */,
				28829E9D20F7A40A00D148DF /* Products */,
			);
			sourceTree = "<group>";
		};
		28829E9D20F7A40A00D148DF /* Products */ = {
			isa = PBXGroup;
			children = (
				28829E9C20F7A40A00D148DF /* fkvgkigbik.app */,
			);
			name = Products;
			sourceTree = "<group>";
		};
		28829E9E20F7A40A00D148DF /* fkvgkigbik */ = {
			isa = PBXGroup;
			children = (
				28829E9F20F7A40A00D148DF /* AppDelegate.h */,
				28829EA020F7A40A00D148DF /* AppDelegate.m */,
				28829EA220F7A40A00D148DF /* ViewController.h */,
				28829EA320F7A40A00D148DF /* ViewController.m */,
				28829EB620F7A44300D148DF /* rrr.swift */,
				28829EA520F7A40A00D148DF /* Main.storyboard */,
				28829EA820F7A41400D148DF /* Assets.xcassets */,
				28829EAA20F7A41400D148DF /* LaunchScreen.storyboard */,
				28829EAD20F7A41400D148DF /* Info.plist */,
				28829EAE20F7A41400D148DF /* main.m */,
				28829EB520F7A44200D148DF /* fkvgkigbik-Bridging-Header.h */,
			);
			path = fkvgkigbik;
			sourceTree = "<group>";
		};
/* End PBXGroup section */

/* Begin PBXNativeTarget section */
		28829E9B20F7A40A00D148DF /* fkvgkigbik */ = {
			isa = PBXNativeTarget;
			buildConfigurationList = 28829EB220F7A41400D148DF /* Build configuration list for PBXNativeTarget "fkvgkigbik" */;
			buildPhases = (
				28829E9820F7A40A00D148DF /* Sources */,
				28829E9920F7A40A00D148DF /* Frameworks */,
				28829E9A20F7A40A00D148DF /* Resources */,
			);
			buildRules = (
			);
			dependencies = (
			);
			name = fkvgkigbik;
			productName = fkvgkigbik;
			productReference = 28829E9C20F7A40A00D148DF /* fkvgkigbik.app */;
			productType = "com.apple.product-type.application";
		};
/* End PBXNativeTarget section */

/* Begin PBXProject section */
		28829E9420F7A40A00D148DF /* Project object */ = {
			isa = PBXProject;
			attributes = {
				LastUpgradeCheck = 0940;
				ORGANIZATIONNAME = com.hgdhghdgfd;
				TargetAttributes = {
					28829E9B20F7A40A00D148DF = {
						CreatedOnToolsVersion = 9.4;
						LastSwiftMigration = 0940;
					};
				};
			};
			buildConfigurationList = 28829E9720F7A40A00D148DF /* Build configuration list for PBXProject "fkvgkigbik" */;
			compatibilityVersion = "Xcode 9.3";
			developmentRegion = en;
			hasScannedForEncodings = 0;
			knownRegions = (
				en,
				Base,
			);
			mainGroup = 28829E9320F7A40A00D148DF;
			productRefGroup = 28829E9D20F7A40A00D148DF /* Products */;
			projectDirPath = "";
			projectRoot = "";
			targets = (
				28829E9B20F7A40A00D148DF /* fkvgkigbik */,
			);
		};
/* End PBXProject section */

/* Begin PBXResourcesBuildPhase section */
		28829E9A20F7A40A00D148DF /* Resources */ = {
			isa = PBXResourcesBuildPhase;
			buildActionMask = 2147483647;
			files = (
				28829EAC20F7A41400D148DF /* LaunchScreen.storyboard in Resources */,
				28829EA920F7A41400D148DF /* Assets.xcassets in Resources */,
				28829EA720F7A40A00D148DF /* Main.storyboard in Resources */,
			);
			runOnlyForDeploymentPostprocessing = 0;
		};
/* End PBXResourcesBuildPhase section */

/* Begin PBXSourcesBuildPhase section */
		28829E9820F7A40A00D148DF /* Sources */ = {
			isa = PBXSourcesBuildPhase;
			buildActionMask = 2147483647;
			files = (
				28829EA420F7A40A00D148DF /* ViewController.m in Sources */,
				28829EAF20F7A41400D148DF /* main.m in Sources */,
				28829EB720F7A44300D148DF /* rrr.swift in Sources */,
				28829EA120F7A40A00D148DF /* AppDelegate.m in Sources */,
			);
			runOnlyForDeploymentPostprocessing = 0;
		};
/* End PBXSourcesBuildPhase section */

/* Begin PBXVariantGroup section */
		28829EA520F7A40A00D148DF /* Main.storyboard */ = {
			isa = PBXVariantGroup;
			children = (
				28829EA620F7A40A00D148DF /* Base */,
			);
			name = Main.storyboard;
			sourceTree = "<group>";
		};
		28829EAA20F7A41400D148DF /* LaunchScreen.storyboard */ = {
			isa = PBXVariantGroup;
			children = (
				28829EAB20F7A41400D148DF /* Base */,
			);
			name = LaunchScreen.storyboard;
			sourceTree = "<group>";
		};
/* End PBXVariantGroup section */

/* Begin XCBuildConfiguration section */
		28829EB020F7A41400D148DF /* Debug */ = {
			isa = XCBuildConfiguration;
			buildSettings = {
				ALWAYS_SEARCH_USER_PATHS = NO;
				CLANG_ANALYZER_NONNULL = YES;
				CLANG_ANALYZER_NUMBER_OBJECT_CONVERSION = YES_AGGRESSIVE;
				CLANG_CXX_LANGUAGE_STANDARD = "gnu++14";
				CLANG_CXX_LIBRARY = "libc++";
				CLANG_ENABLE_MODULES = YES;
				CLANG_ENABLE_OBJC_ARC = YES;
				CLANG_ENABLE_OBJC_WEAK = YES;
				CLANG_WARN_BLOCK_CAPTURE_AUTORELEASING = YES;
				CLANG_WARN_BOOL_CONVERSION = YES;
				CLANG_WARN_COMMA = YES;
				CLANG_WARN_CONSTANT_CONVERSION = YES;
				CLANG_WARN_DEPRECATED_OBJC_IMPLEMENTATIONS = YES;
				CLANG_WARN_DIRECT_OBJC_ISA_USAGE = YES_ERROR;
				CLANG_WARN_DOCUMENTATION_COMMENTS = YES;
				CLANG_WARN_EMPTY_BODY = YES;
				CLANG_WARN_ENUM_CONVERSION = YES;
				CLANG_WARN_INFINITE_RECURSION = YES;
				CLANG_WARN_INT_CONVERSION = YES;
				CLANG_WARN_NON_LITERAL_NULL_CONVERSION = YES;
				CLANG_WARN_OBJC_IMPLICIT_RETAIN_SELF = YES;
				CLANG_WARN_OBJC_LITERAL_CONVERSION = YES;
				CLANG_WARN_OBJC_ROOT_CLASS = YES_ERROR;
				CLANG_WARN_RANGE_LOOP_ANALYSIS = YES;
				CLANG_WARN_STRICT_PROTOTYPES = YES;
				CLANG_WARN_SUSPICIOUS_MOVE = YES;
				CLANG_WARN_UNGUARDED_AVAILABILITY = YES_AGGRESSIVE;
				CLANG_WARN_UNREACHABLE_CODE = YES;
				CLANG_WARN__DUPLICATE_METHOD_MATCH = YES;
				CODE_SIGN_IDENTITY = "iPhone Developer";
				COPY_PHASE_STRIP = NO;
				DEBUG_INFORMATION_FORMAT = dwarf;
				ENABLE_STRICT_OBJC_MSGSEND = YES;
				ENABLE_TESTABILITY = YES;
				GCC_C_LANGUAGE_STANDARD = gnu11;
				GCC_DYNAMIC_NO_PIC = NO;
				GCC_NO_COMMON_BLOCKS = YES;
				GCC_OPTIMIZATION_LEVEL = 0;
				GCC_PREPROCESSOR_DEFINITIONS = (
					"DEBUG=1",
					"$(inherited)",
				);
				GCC_WARN_64_TO_32_BIT_CONVERSION = YES;
				GCC_WARN_ABOUT_RETURN_TYPE = YES_ERROR;
				GCC_WARN_UNDECLARED_SELECTOR = YES;
				GCC_WARN_UNINITIALIZED_AUTOS = YES_AGGRESSIVE;
				GCC_WARN_UNUSED_FUNCTION = YES;
				GCC_WARN_UNUSED_VARIABLE = YES;
				IPHONEOS_DEPLOYMENT_TARGET = 11.4;
				MTL_ENABLE_DEBUG_INFO = YES;
				ONLY_ACTIVE_ARCH = YES;
				SDKROOT = iphoneos;
			};
			name = Debug;
		};
		28829EB120F7A41400D148DF /* Release */ = {
			isa = XCBuildConfiguration;
			buildSettings = {
				ALWAYS_SEARCH_USER_PATHS = NO;
				CLANG_ANALYZER_NONNULL = YES;
				CLANG_ANALYZER_NUMBER_OBJECT_CONVERSION = YES_AGGRESSIVE;
				CLANG_CXX_LANGUAGE_STANDARD = "gnu++14";
				CLANG_CXX_LIBRARY = "libc++";
				CLANG_ENABLE_MODULES = YES;
				CLANG_ENABLE_OBJC_ARC = YES;
				CLANG_ENABLE_OBJC_WEAK = YES;
				CLANG_WARN_BLOCK_CAPTURE_AUTORELEASING = YES;
				CLANG_WARN_BOOL_CONVERSION = YES;
				CLANG_WARN_COMMA = YES;
				CLANG_WARN_CONSTANT_CONVERSION = YES;
				CLANG_WARN_DEPRECATED_OBJC_IMPLEMENTATIONS = YES;
				CLANG_WARN_DIRECT_OBJC_ISA_USAGE = YES_ERROR;
				CLANG_WARN_DOCUMENTATION_COMMENTS = YES;
				CLANG_WARN_EMPTY_BODY = YES;
				CLANG_WARN_ENUM_CONVERSION = YES;
				CLANG_WARN_INFINITE_RECURSION = YES;
				CLANG_WARN_INT_CONVERSION = YES;
				CLANG_WARN_NON_LITERAL_NULL_CONVERSION = YES;
				CLANG_WARN_OBJC_IMPLICIT_RETAIN_SELF = YES;
				CLANG_WARN_OBJC_LITERAL_CONVERSION = YES;
				CLANG_WARN_OBJC_ROOT_CLASS = YES_ERROR;
				CLANG_WARN_RANGE_LOOP_ANALYSIS = YES;
				CLANG_WARN_STRICT_PROTOTYPES = YES;
				CLANG_WARN_SUSPICIOUS_MOVE = YES;
				CLANG_WARN_UNGUARDED_AVAILABILITY = YES_AGGRESSIVE;
				CLANG_WARN_UNREACHABLE_CODE = YES;
				CLANG_WARN__DUPLICATE_METHOD_MATCH = YES;
				CODE_SIGN_IDENTITY = "iPhone Developer";
				COPY_PHASE_STRIP = NO;
				DEBUG_INFORMATION_FORMAT = "dwarf-with-dsym";
				ENABLE_NS_ASSERTIONS = NO;
				ENABLE_STRICT_OBJC_MSGSEND = YES;
				GCC_C_LANGUAGE_STANDARD = gnu11;
				GCC_NO_COMMON_BLOCKS = YES;
				GCC_WARN_64_TO_32_BIT_CONVERSION = YES;
				GCC_WARN_ABOUT_RETURN_TYPE = YES_ERROR;
				GCC_WARN_UNDECLARED_SELECTOR = YES;
				GCC_WARN_UNINITIALIZED_AUTOS = YES_AGGRESSIVE;
				GCC_WARN_UNUSED_FUNCTION = YES;
				GCC_WARN_UNUSED_VARIABLE = YES;
				IPHONEOS_DEPLOYMENT_TARGET = 11.4;
				MTL_ENABLE_DEBUG_INFO = NO;
				SDKROOT = iphoneos;
				VALIDATE_PRODUCT = YES;
			};
			name = Release;
		};
		28829EB320F7A41400D148DF /* Debug */ = {
			isa = XCBuildConfiguration;
			buildSettings = {
				ALWAYS_EMBED_SWIFT_STANDARD_LIBRARIES = YES;
				ASSETCATALOG_COMPILER_APPICON_NAME = AppIcon;
				CLANG_ENABLE_MODULES = YES;
				CODE_SIGN_STYLE = Automatic;
				DEVELOPMENT_TEAM = MP58ZZ2W3L;
				INFOPLIST_FILE = fkvgkigbik/Info.plist;
				IPHONEOS_DEPLOYMENT_TARGET = 9.1;
				LD_RUNPATH_SEARCH_PATHS = (
					"$(inherited)",
					"@executable_path/Frameworks",
				);
				PRODUCT_BUNDLE_IDENTIFIER = dfjhhj.fkvgkigbik;
				PRODUCT_NAME = "$(TARGET_NAME)";
				SWIFT_OBJC_BRIDGING_HEADER = "fkvgkigbik/fkvgkigbik-Bridging-Header.h";
				SWIFT_OPTIMIZATION_LEVEL = "-Onone";
				SWIFT_VERSION = 3.0;
				TARGETED_DEVICE_FAMILY = "1,2";
			};
			name = Debug;
		};
		28829EB420F7A41400D148DF /* Release */ = {
			isa = XCBuildConfiguration;
			buildSettings = {
				ALWAYS_EMBED_SWIFT_STANDARD_LIBRARIES = YES;
				ASSETCATALOG_COMPILER_APPICON_NAME = AppIcon;
				CLANG_ENABLE_MODULES = YES;
				CODE_SIGN_STYLE = Automatic;
				DEVELOPMENT_TEAM = MP58ZZ2W3L;
				INFOPLIST_FILE = fkvgkigbik/Info.plist;
				IPHONEOS_DEPLOYMENT_TARGET = 9.1;
				LD_RUNPATH_SEARCH_PATHS = (
					"$(inherited)",
					"@executable_path/Frameworks",
				);
				PRODUCT_BUNDLE_IDENTIFIER = dfjhhj.fkvgkigbik;
				PRODUCT_NAME = "$(TARGET_NAME)";
				SWIFT_OBJC_BRIDGING_HEADER = "fkvgkigbik/fkvgkigbik-Bridging-Header.h";
				SWIFT_VERSION = 3.0;
				TARGETED_DEVICE_FAMILY = "1,2";
			};
			name = Release;
		};
/* End XCBuildConfiguration section */

/* Begin XCConfigurationList section */
		28829E9720F7A40A00D148DF /* Build configuration list for PBXProject "fkvgkigbik" */ = {
			isa = XCConfigurationList;
			buildConfigurations = (
				28829EB020F7A41400D148DF /* Debug */,
				28829EB120F7A41400D148DF /* Release */,
			);
			defaultConfigurationIsVisible = 0;
			defaultConfigurationName = Release;
		};
		28829EB220F7A41400D148DF /* Build configuration list for PBXNativeTarget "fkvgkigbik" */ = {
			isa = XCConfigurationList;
			buildConfigurations = (
				28829EB320F7A41400D148DF /* Debug */,
				28829EB420F7A41400D148DF /* Release */,
			);
			defaultConfigurationIsVisible = 0;
			defaultConfigurationName = Release;
		};
/* End XCConfigurationList section */
	};
	rootObject = 28829E9420F7A40A00D148DF /* Project object */;
}
